
Microsoft Visual Studio Solution File, Format Version 12.00
# Visual Studio Version 17
VisualStudioVersion = 17.14.36429.23 d17.14
MinimumVisualStudioVersion = 10.0.40219.1
Project("{FAE04EC0-301F-11D3-BF4B-00C04F79EFBC}") = "DemoWeb", "DemoWeb.csproj", "{D316EE2A-027C-41DB-945F-11E4AD092168}"
EndProject
Global
	GlobalSection(SolutionConfigurationPlatforms) = preSolution
		Debug|Any CPU = Debug|Any CPU
		Release|Any CPU = Release|Any CPU
	EndGlobalSection
	GlobalSection(ProjectConfigurationPlatforms) = postSolution
		{D316EE2A-027C-41DB-945F-11E4AD092168}.Debug|Any CPU.ActiveCfg = Debug|Any CPU
		{D316EE2A-027C-41DB-945F-11E4AD092168}.Debug|Any CPU.Build.0 = Debug|Any CPU
		{D316EE2A-027C-41DB-945F-11E4AD092168}.Release|Any CPU.ActiveCfg = Release|Any CPU
		{D316EE2A-027C-41DB-945F-11E4AD092168}.Release|Any CPU.Build.0 = Release|Any CPU
	EndGlobalSection
	GlobalSection(SolutionProperties) = preSolution
		HideSolutionNode = FALSE
	EndGlobalSection
	GlobalSection(ExtensibilityGlobals) = postSolution
		SolutionGuid = {2396FD01-3E1A-4F26-BD83-F51D61B2C8FA}
	EndGlobalSection
EndGlobal
